PODS:
  - Capacitor (8.3.4):
    - CapacitorCordova
  - CapacitorCommunitySqlite (7.0.3):
    - Capacitor
    - SQLCipher
    - ZIPFoundation
  - CapacitorCordova (8.3.4)
  - CapacitorSplashScreen (8.0.1):
    - Capacitor
  - powersync-sqlite-core (0.4.13)
  - PowersyncCapacitor (0.5.3):
    - Capacitor
    - powersync-sqlite-core (~> 0.4.12)
    - SQLCipher (~> 4.0)
  - SQLCipher (4.10.0):
    - SQLCipher/standard (= 4.10.0)
  - SQLCipher/common (4.10.0)
  - SQLCipher/standard (4.10.0):
    - SQLCipher/common
  - ZIPFoundation (0.9.20)

DEPENDENCIES:
  - "Capacitor (from `../../node_modules/.pnpm/@capacitor+ios@8.3.4_@capacitor+core@8.3.4/node_modules/@capacitor/ios`)"
  - "CapacitorCommunitySqlite (from `../../node_modules/.pnpm/@capacitor-community+sqlite@7.0.3_@capacitor+core@8.3.4/node_modules/@capacitor-community/sqlite`)"
  - "CapacitorCordova (from `../../node_modules/.pnpm/@capacitor+ios@8.3.4_@capacitor+core@8.3.4/node_modules/@capacitor/ios`)"
  - "CapacitorSplashScreen (from `../../node_modules/.pnpm/@capacitor+splash-screen@8.0.1_@capacitor+core@8.3.4/node_modules/@capacitor/splash-screen`)"
  - "PowersyncCapacitor (from `../../node_modules/.pnpm/@powersync+capacitor@file+..+..+packages+capacitor_@capacitor-community+sqlite@7.0.3_@c_e38cc83dbb44d15529d7613ab35a0922/node_modules/@powersync/capacitor`)"

SPEC REPOS:
  trunk:
    - powersync-sqlite-core
    - SQLCipher
    - ZIPFoundation

EXTERNAL SOURCES:
  Capacitor:
    :path: "../../node_modules/.pnpm/@capacitor+ios@8.3.4_@capacitor+core@8.3.4/node_modules/@capacitor/ios"
  CapacitorCommunitySqlite:
    :path: "../../node_modules/.pnpm/@capacitor-community+sqlite@7.0.3_@capacitor+core@8.3.4/node_modules/@capacitor-community/sqlite"
  CapacitorCordova:
    :path: "../../node_modules/.pnpm/@capacitor+ios@8.3.4_@capacitor+core@8.3.4/node_modules/@capacitor/ios"
  CapacitorSplashScreen:
    :path: "../../node_modules/.pnpm/@capacitor+splash-screen@8.0.1_@capacitor+core@8.3.4/node_modules/@capacitor/splash-screen"
  PowersyncCapacitor:
    :path: "../../node_modules/.pnpm/@powersync+capacitor@file+..+..+packages+capacitor_@capacitor-community+sqlite@7.0.3_@c_e38cc83dbb44d15529d7613ab35a0922/node_modules/@powersync/capacitor"

SPEC CHECKSUMS:
  Capacitor: 64a14f6a0638fc6b6ec7c751b04fd86688c78596
  CapacitorCommunitySqlite: 30a73598245016daa4f88c0af391080bfc0af727
  CapacitorCordova: c07921bdcfec6f691bae22274446b4d606ebf6a4
  CapacitorSplashScreen: 1281f7df4d9b4a72bccab8d03e6b2bbd17dff122
  powersync-sqlite-core: 59fa8406ecdd397f4d94fd76c545b0ff3fc4716d
  PowersyncCapacitor: 1ceea0c079d76c2bf2ee5997ecf2cd3da5ff8971
  SQLCipher: eb79c64049cb002b4e9fcb30edb7979bf4706dfc
  ZIPFoundation: dfd3d681c4053ff7e2f7350bc4e53b5dba3f5351

PODFILE CHECKSUM: 626d9bdc773fcb22d6050f4a9b992c7d948cdf10

COCOAPODS: 1.16.2
