PODS:
  - Capacitor (7.4.3):
    - CapacitorCordova
  - CapacitorCommunitySqlite (7.0.2):
    - Capacitor
    - SQLCipher
    - ZIPFoundation
  - CapacitorCordova (7.4.3)
  - CapacitorSplashScreen (7.0.3):
    - Capacitor
  - powersync-sqlite-core (0.4.8)
  - PowersyncCapacitor (0.0.1):
    - Capacitor
    - powersync-sqlite-core (~> 0.4.6)
    - SQLCipher (~> 4.0)
  - SQLCipher (4.10.0):
    - SQLCipher/standard (= 4.10.0)
  - SQLCipher/common (4.10.0)
  - SQLCipher/standard (4.10.0):
    - SQLCipher/common
  - ZIPFoundation (0.9.20)

DEPENDENCIES:
  - "Capacitor (from `../../../../node_modules/@capacitor/ios`)"
  - "CapacitorCommunitySqlite (from `../../../../node_modules/@capacitor-community/sqlite`)"
  - "CapacitorCordova (from `../../../../node_modules/@capacitor/ios`)"
  - "CapacitorSplashScreen (from `../../../../node_modules/@capacitor/splash-screen`)"
  - PowersyncCapacitor (from `../../../../packages/capacitor`)

SPEC REPOS:
  trunk:
    - powersync-sqlite-core
    - SQLCipher
    - ZIPFoundation

EXTERNAL SOURCES:
  Capacitor:
    :path: "../../../../node_modules/@capacitor/ios"
  CapacitorCommunitySqlite:
    :path: "../../../../node_modules/@capacitor-community/sqlite"
  CapacitorCordova:
    :path: "../../../../node_modules/@capacitor/ios"
  CapacitorSplashScreen:
    :path: "../../../../node_modules/@capacitor/splash-screen"
  PowersyncCapacitor:
    :path: "../../../../packages/capacitor"

SPEC CHECKSUMS:
  Capacitor: b4741ca7affb32c1b70debd03df92cbf522d8a80
  CapacitorCommunitySqlite: b8e23cd2fd5bff7da8cb2a3a1cb3a6ffb9714a32
  CapacitorCordova: 435121e81a2df4d0034f0fb11fcefab5104cfdb5
  CapacitorSplashScreen: d06ae8804808e9f649a08e7bb7f283c77b688084
  powersync-sqlite-core: f48d06a7a9e6f73fee5bbc74da542466be2bb06f
  PowersyncCapacitor: d7dcf7f15e24b512571dc87f545855f936ef9537
  SQLCipher: eb79c64049cb002b4e9fcb30edb7979bf4706dfc
  ZIPFoundation: dfd3d681c4053ff7e2f7350bc4e53b5dba3f5351

PODFILE CHECKSUM: 1c728e00549cebade63eaffb81de205fd020c4ea

COCOAPODS: 1.16.2
