{
  "originHash" : "0c9fc4dd50dbd5d5f8b56c6722bbfc92618eced737b98dfa587c31ee9c957c90",
  "pins" : [
    {
      "identity" : "powersync-sqlite-core-swift",
      "kind" : "remoteSourceControl",
      "location" : "https://github.com/powersync-ja/powersync-sqlite-core-swift.git",
      "state" : {
        "revision" : "dba41dd6d408b5e221d364dc7032ade14c90d023",
        "version" : "0.5.2"
      }
    }
  ],
  "version" : 3
}
