{
  "originHash" : "c3251e0101462540cb6828ae54093a6e912893a85c4635f8d4a4639d696fa52c",
  "pins" : [
    {
      "identity" : "powersync-sqlite-core-swift",
      "kind" : "remoteSourceControl",
      "location" : "https://github.com/powersync-ja/powersync-sqlite-core-swift.git",
      "state" : {
        "revision" : "dba41dd6d408b5e221d364dc7032ade14c90d023",
        "version" : "0.5.2"
      }
    }
  ],
  "version" : 3
}
